
Microsoft Visual Studio Solution File, Format Version 12.00
# Visual Studio Version 16
VisualStudioVersion = 16.0.29721.120
MinimumVisualStudioVersion = 10.0.40219.1
Project("{2150E333-8FDC-42A3-9474-1A3956D46DE8}") = "Solution Items", "Solution Items", "{2255DF99-6541-4C05-8829-4EBB7520131E}"
	ProjectSection(SolutionItems) = preProject
		.gitignore = .gitignore
		LICENSE = LICENSE
		README.md = README.md
	EndProjectSection
EndProject
Project("{2150E333-8FDC-42A3-9474-1A3956D46DE8}") = "Source", "Source", "{CEC998A8-13C7-4AB7-B55C-243709A7FBC8}"
EndProject
Project("{2150E333-8FDC-42A3-9474-1A3956D46DE8}") = "Tests", "Tests", "{D0427D5C-8DCF-4133-A4BD-BC34E8A342A4}"
EndProject
Project("{2150E333-8FDC-42A3-9474-1A3956D46DE8}") = "Common", "Common", "{BA0D08CE-34BD-478B-8D3E-0DBE93674283}"
EndProject
Project("{2150E333-8FDC-42A3-9474-1A3956D46DE8}") = "Core", "Core", "{C23DA992-6EFA-4C46-B6CA-4224B8B84130}"
EndProject
Project("{2150E333-8FDC-42A3-9474-1A3956D46DE8}") = "Infrastructure", "Infrastructure", "{F30F2CD7-057A-431A-B128-C0397E2A7E56}"
EndProject
Project("{2150E333-8FDC-42A3-9474-1A3956D46DE8}") = "Domain", "Domain", "{334282CB-66FB-4683-A94E-0EFDC7B4B623}"
EndProject
Project("{2150E333-8FDC-42A3-9474-1A3956D46DE8}") = "Application", "Application", "{16E763CD-2A3D-4087-913F-6D573553F885}"
EndProject
Project("{2150E333-8FDC-42A3-9474-1A3956D46DE8}") = "UnitTests", "UnitTests", "{92798DFB-D515-4E27-A89D-74303B63B7E0}"
EndProject
Project("{2150E333-8FDC-42A3-9474-1A3956D46DE8}") = "IntegrationTests", "IntegrationTests", "{1F137065-FFA4-42DB-AE22-E11ECB60A535}"
EndProject
Project("{2150E333-8FDC-42A3-9474-1A3956D46DE8}") = "Conventions", "Conventions", "{BAD8B501-EE1D-49C0-A8DC-A4FB502F0F0F}"
EndProject
Project("{2150E333-8FDC-42A3-9474-1A3956D46DE8}") = "Persistence", "Persistence", "{69183980-DCA3-4738-9048-9F4187C1C25D}"
EndProject
Global
	GlobalSection(SolutionProperties) = preSolution
		HideSolutionNode = FALSE
	EndGlobalSection
	GlobalSection(NestedProjects) = preSolution
		{BA0D08CE-34BD-478B-8D3E-0DBE93674283} = {CEC998A8-13C7-4AB7-B55C-243709A7FBC8}
		{C23DA992-6EFA-4C46-B6CA-4224B8B84130} = {CEC998A8-13C7-4AB7-B55C-243709A7FBC8}
		{F30F2CD7-057A-431A-B128-C0397E2A7E56} = {CEC998A8-13C7-4AB7-B55C-243709A7FBC8}
		{334282CB-66FB-4683-A94E-0EFDC7B4B623} = {C23DA992-6EFA-4C46-B6CA-4224B8B84130}
		{16E763CD-2A3D-4087-913F-6D573553F885} = {C23DA992-6EFA-4C46-B6CA-4224B8B84130}
		{92798DFB-D515-4E27-A89D-74303B63B7E0} = {D0427D5C-8DCF-4133-A4BD-BC34E8A342A4}
		{1F137065-FFA4-42DB-AE22-E11ECB60A535} = {D0427D5C-8DCF-4133-A4BD-BC34E8A342A4}
		{BAD8B501-EE1D-49C0-A8DC-A4FB502F0F0F} = {D0427D5C-8DCF-4133-A4BD-BC34E8A342A4}
		{69183980-DCA3-4738-9048-9F4187C1C25D} = {F30F2CD7-057A-431A-B128-C0397E2A7E56}
	EndGlobalSection
	GlobalSection(ExtensibilityGlobals) = postSolution
		SolutionGuid = {79EE9B46-32EA-449B-9DEF-BF43158432A5}
	EndGlobalSection
EndGlobal
