
Microsoft Visual Studio Solution File, Format Version 12.00
# Visual Studio Version 16
VisualStudioVersion = 16.0.29721.120
MinimumVisualStudioVersion = 10.0.40219.1
Project("{2150E333-8FDC-42A3-9474-1A3956D46DE8}") = "Solution Items", "Solution Items", "{2255DF99-6541-4C05-8829-4EBB7520131E}"
	ProjectSection(SolutionItems) = preProject
		.gitignore = .gitignore
		LICENSE = LICENSE
		README.md = README.md
	EndProjectSection
EndProject
Project("{2150E333-8FDC-42A3-9474-1A3956D46DE8}") = "Source", "Source", "{CEC998A8-13C7-4AB7-B55C-243709A7FBC8}"
EndProject
Project("{2150E333-8FDC-42A3-9474-1A3956D46DE8}") = "Tests", "Tests", "{D0427D5C-8DCF-4133-A4BD-BC34E8A342A4}"
EndProject
Project("{2150E333-8FDC-42A3-9474-1A3956D46DE8}") = "Common", "Common", "{BA0D08CE-34BD-478B-8D3E-0DBE93674283}"
EndProject
Project("{2150E333-8FDC-42A3-9474-1A3956D46DE8}") = "Core", "Core", "{C23DA992-6EFA-4C46-B6CA-4224B8B84130}"
EndProject
Project("{2150E333-8FDC-42A3-9474-1A3956D46DE8}") = "Infrastructure", "Infrastructure", "{F30F2CD7-057A-431A-B128-C0397E2A7E56}"
EndProject
Project("{2150E333-8FDC-42A3-9474-1A3956D46DE8}") = "Domain", "Domain", "{334282CB-66FB-4683-A94E-0EFDC7B4B623}"
EndProject
Project("{2150E333-8FDC-42A3-9474-1A3956D46DE8}") = "Application", "Application", "{16E763CD-2A3D-4087-913F-6D573553F885}"
EndProject
Project("{2150E333-8FDC-42A3-9474-1A3956D46DE8}") = "UnitTests", "UnitTests", "{92798DFB-D515-4E27-A89D-74303B63B7E0}"
EndProject
Project("{2150E333-8FDC-42A3-9474-1A3956D46DE8}") = "IntegrationTests", "IntegrationTests", "{1F137065-FFA4-42DB-AE22-E11ECB60A535}"
EndProject
Project("{2150E333-8FDC-42A3-9474-1A3956D46DE8}") = "Persistence", "Persistence", "{69183980-DCA3-4738-9048-9F4187C1C25D}"
EndProject
Project("{2150E333-8FDC-42A3-9474-1A3956D46DE8}") = "github", "github", "{0565D326-F5E7-41A7-83DB-BE02E087F39E}"
EndProject
Project("{2150E333-8FDC-42A3-9474-1A3956D46DE8}") = "workflows", "workflows", "{AAAD3FD6-1AD9-4126-B9E8-8B8E28A77E93}"
	ProjectSection(SolutionItems) = preProject
		.github\workflows\windows-latest.yml = .github\workflows\windows-latest.yml
	EndProjectSection
EndProject
Project("{9A19103F-16F7-4668-BE54-9A1E7A4F7556}") = "Kf.CANetCore31", "Source\Common\Kf.CANetCore31\Kf.CANetCore31.csproj", "{67A75DAF-0501-41DD-8DEB-EE19F0B8B794}"
EndProject
Project("{9A19103F-16F7-4668-BE54-9A1E7A4F7556}") = "Kf.CANetCore31.Core.Application", "Source\Core\Application\Kf.CANetCore31.Core.Application\Kf.CANetCore31.Core.Application.csproj", "{A8FFD37E-A3D9-4E95-BA4E-775CE59E6F7D}"
EndProject
Project("{9A19103F-16F7-4668-BE54-9A1E7A4F7556}") = "Kf.CANetCore31.Core.Domain", "Source\Core\Domain\Kf.CANetCore31.Core.Domain\Kf.CANetCore31.Core.Domain.csproj", "{69F2ECE6-E543-49EE-8013-FA4334DFB1D1}"
EndProject
Project("{9A19103F-16F7-4668-BE54-9A1E7A4F7556}") = "Kf.CANetCore31.Tests.IntegrationTests", "Tests\IntegrationTests\Kf.CANetCore31.Tests.IntegrationTests\Kf.CANetCore31.Tests.IntegrationTests.csproj", "{3960C3D8-26A8-4109-9120-C038C7EFA64A}"
EndProject
Project("{9A19103F-16F7-4668-BE54-9A1E7A4F7556}") = "Kf.CANetCore31.Tests.UnitTests", "Tests\UnitTests\Kf.CANetCore31.Tests.UnitTests\Kf.CANetCore31.Tests.UnitTests.csproj", "{C0C6093C-12DD-4681-BDDC-044CEB46A7D1}"
EndProject
Project("{2150E333-8FDC-42A3-9474-1A3956D46DE8}") = "Presentation", "Presentation", "{08EA7666-B979-462C-809B-B0B8E009EB0E}"
EndProject
Project("{9A19103F-16F7-4668-BE54-9A1E7A4F7556}") = "Kf.CANetCore31.Presentation.Desktop.ConsoleApp", "Source\Presentation\Desktop\Kf.CANetCore31.Presentation.Desktop.ConsoleApp\Kf.CANetCore31.Presentation.Desktop.ConsoleApp.csproj", "{2EE3BEA8-5974-4239-B60F-86F9368F1417}"
EndProject
Project("{9A19103F-16F7-4668-BE54-9A1E7A4F7556}") = "Kf.CANetCore31.Presentation.Desktop.Hosting.Extensions", "Source\Presentation\Desktop\Kf.CANetCore31.Presentation.Desktop.Hosting.Extensions\Kf.CANetCore31.Presentation.Desktop.Hosting.Extensions.csproj", "{68D7B30C-0A43-4A00-9750-FD906D8DE497}"
EndProject
Global
	GlobalSection(SolutionConfigurationPlatforms) = preSolution
		Debug|Any CPU = Debug|Any CPU
		Release|Any CPU = Release|Any CPU
	EndGlobalSection
	GlobalSection(ProjectConfigurationPlatforms) = postSolution
		{67A75DAF-0501-41DD-8DEB-EE19F0B8B794}.Debug|Any CPU.ActiveCfg = Debug|Any CPU
		{67A75DAF-0501-41DD-8DEB-EE19F0B8B794}.Debug|Any CPU.Build.0 = Debug|Any CPU
		{67A75DAF-0501-41DD-8DEB-EE19F0B8B794}.Release|Any CPU.ActiveCfg = Release|Any CPU
		{67A75DAF-0501-41DD-8DEB-EE19F0B8B794}.Release|Any CPU.Build.0 = Release|Any CPU
		{A8FFD37E-A3D9-4E95-BA4E-775CE59E6F7D}.Debug|Any CPU.ActiveCfg = Debug|Any CPU
		{A8FFD37E-A3D9-4E95-BA4E-775CE59E6F7D}.Debug|Any CPU.Build.0 = Debug|Any CPU
		{A8FFD37E-A3D9-4E95-BA4E-775CE59E6F7D}.Release|Any CPU.ActiveCfg = Release|Any CPU
		{A8FFD37E-A3D9-4E95-BA4E-775CE59E6F7D}.Release|Any CPU.Build.0 = Release|Any CPU
		{69F2ECE6-E543-49EE-8013-FA4334DFB1D1}.Debug|Any CPU.ActiveCfg = Debug|Any CPU
		{69F2ECE6-E543-49EE-8013-FA4334DFB1D1}.Debug|Any CPU.Build.0 = Debug|Any CPU
		{69F2ECE6-E543-49EE-8013-FA4334DFB1D1}.Release|Any CPU.ActiveCfg = Release|Any CPU
		{69F2ECE6-E543-49EE-8013-FA4334DFB1D1}.Release|Any CPU.Build.0 = Release|Any CPU
		{3960C3D8-26A8-4109-9120-C038C7EFA64A}.Debug|Any CPU.ActiveCfg = Debug|Any CPU
		{3960C3D8-26A8-4109-9120-C038C7EFA64A}.Debug|Any CPU.Build.0 = Debug|Any CPU
		{3960C3D8-26A8-4109-9120-C038C7EFA64A}.Release|Any CPU.ActiveCfg = Release|Any CPU
		{3960C3D8-26A8-4109-9120-C038C7EFA64A}.Release|Any CPU.Build.0 = Release|Any CPU
		{C0C6093C-12DD-4681-BDDC-044CEB46A7D1}.Debug|Any CPU.ActiveCfg = Debug|Any CPU
		{C0C6093C-12DD-4681-BDDC-044CEB46A7D1}.Debug|Any CPU.Build.0 = Debug|Any CPU
		{C0C6093C-12DD-4681-BDDC-044CEB46A7D1}.Release|Any CPU.ActiveCfg = Release|Any CPU
		{C0C6093C-12DD-4681-BDDC-044CEB46A7D1}.Release|Any CPU.Build.0 = Release|Any CPU
		{2EE3BEA8-5974-4239-B60F-86F9368F1417}.Debug|Any CPU.ActiveCfg = Debug|Any CPU
		{2EE3BEA8-5974-4239-B60F-86F9368F1417}.Debug|Any CPU.Build.0 = Debug|Any CPU
		{2EE3BEA8-5974-4239-B60F-86F9368F1417}.Release|Any CPU.ActiveCfg = Release|Any CPU
		{2EE3BEA8-5974-4239-B60F-86F9368F1417}.Release|Any CPU.Build.0 = Release|Any CPU
		{68D7B30C-0A43-4A00-9750-FD906D8DE497}.Debug|Any CPU.ActiveCfg = Debug|Any CPU
		{68D7B30C-0A43-4A00-9750-FD906D8DE497}.Debug|Any CPU.Build.0 = Debug|Any CPU
		{68D7B30C-0A43-4A00-9750-FD906D8DE497}.Release|Any CPU.ActiveCfg = Release|Any CPU
		{68D7B30C-0A43-4A00-9750-FD906D8DE497}.Release|Any CPU.Build.0 = Release|Any CPU
	EndGlobalSection
	GlobalSection(SolutionProperties) = preSolution
		HideSolutionNode = FALSE
	EndGlobalSection
	GlobalSection(NestedProjects) = preSolution
		{BA0D08CE-34BD-478B-8D3E-0DBE93674283} = {CEC998A8-13C7-4AB7-B55C-243709A7FBC8}
		{C23DA992-6EFA-4C46-B6CA-4224B8B84130} = {CEC998A8-13C7-4AB7-B55C-243709A7FBC8}
		{F30F2CD7-057A-431A-B128-C0397E2A7E56} = {CEC998A8-13C7-4AB7-B55C-243709A7FBC8}
		{334282CB-66FB-4683-A94E-0EFDC7B4B623} = {C23DA992-6EFA-4C46-B6CA-4224B8B84130}
		{16E763CD-2A3D-4087-913F-6D573553F885} = {C23DA992-6EFA-4C46-B6CA-4224B8B84130}
		{92798DFB-D515-4E27-A89D-74303B63B7E0} = {D0427D5C-8DCF-4133-A4BD-BC34E8A342A4}
		{1F137065-FFA4-42DB-AE22-E11ECB60A535} = {D0427D5C-8DCF-4133-A4BD-BC34E8A342A4}
		{69183980-DCA3-4738-9048-9F4187C1C25D} = {F30F2CD7-057A-431A-B128-C0397E2A7E56}
		{0565D326-F5E7-41A7-83DB-BE02E087F39E} = {2255DF99-6541-4C05-8829-4EBB7520131E}
		{AAAD3FD6-1AD9-4126-B9E8-8B8E28A77E93} = {0565D326-F5E7-41A7-83DB-BE02E087F39E}
		{67A75DAF-0501-41DD-8DEB-EE19F0B8B794} = {BA0D08CE-34BD-478B-8D3E-0DBE93674283}
		{A8FFD37E-A3D9-4E95-BA4E-775CE59E6F7D} = {16E763CD-2A3D-4087-913F-6D573553F885}
		{69F2ECE6-E543-49EE-8013-FA4334DFB1D1} = {334282CB-66FB-4683-A94E-0EFDC7B4B623}
		{3960C3D8-26A8-4109-9120-C038C7EFA64A} = {1F137065-FFA4-42DB-AE22-E11ECB60A535}
		{C0C6093C-12DD-4681-BDDC-044CEB46A7D1} = {92798DFB-D515-4E27-A89D-74303B63B7E0}
		{08EA7666-B979-462C-809B-B0B8E009EB0E} = {CEC998A8-13C7-4AB7-B55C-243709A7FBC8}
		{2EE3BEA8-5974-4239-B60F-86F9368F1417} = {08EA7666-B979-462C-809B-B0B8E009EB0E}
		{68D7B30C-0A43-4A00-9750-FD906D8DE497} = {08EA7666-B979-462C-809B-B0B8E009EB0E}
	EndGlobalSection
	GlobalSection(ExtensibilityGlobals) = postSolution
		SolutionGuid = {79EE9B46-32EA-449B-9DEF-BF43158432A5}
	EndGlobalSection
EndGlobal
